
Microsoft Visual Studio Solution File, Format Version 12.00
# Visual Studio 15
VisualStudioVersion = 15.0.28010.2026
MinimumVisualStudioVersion = 10.0.40219.1
Project("{FAE04EC0-301F-11D3-BF4B-00C04F79EFBC}") = "WindowsFormsApp23", "WindowsFormsApp23\WindowsFormsApp23.csproj", "{B6FC7AC5-2FF6-4615-87C5-A3201F6E42E1}"
EndProject
Global
	GlobalSection(SolutionConfigurationPlatforms) = preSolution
		Debug|Any CPU = Debug|Any CPU
		Release|Any CPU = Release|Any CPU
	EndGlobalSection
	GlobalSection(ProjectConfigurationPlatforms) = postSolution
		{B6FC7AC5-2FF6-4615-87C5-A3201F6E42E1}.Debug|Any CPU.ActiveCfg = Debug|Any CPU
		{B6FC7AC5-2FF6-4615-87C5-A3201F6E42E1}.Debug|Any CPU.Build.0 = Debug|Any CPU
		{B6FC7AC5-2FF6-4615-87C5-A3201F6E42E1}.Release|Any CPU.ActiveCfg = Release|Any CPU
		{B6FC7AC5-2FF6-4615-87C5-A3201F6E42E1}.Release|Any CPU.Build.0 = Release|Any CPU
	EndGlobalSection
	GlobalSection(SolutionProperties) = preSolution
		HideSolutionNode = FALSE
	EndGlobalSection
	GlobalSection(ExtensibilityGlobals) = postSolution
		SolutionGuid = {EDA34C44-6B60-4D1E-B30A-A80A11685379}
	EndGlobalSection
EndGlobal
